
Microsoft Visual Studio Solution File, Format Version 12.00
# Visual Studio 14
VisualStudioVersion = 14.0.25420.1
MinimumVisualStudioVersion = 10.0.40219.1
Project("{FAE04EC0-301F-11D3-BF4B-00C04F79EFBC}") = "ADSortSearch", "ADSortSearch\ADSortSearch.csproj", "{08D922D4-4847-4E46-A199-E73144EE724D}"
EndProject
Project("{FAE04EC0-301F-11D3-BF4B-00C04F79EFBC}") = "Tests", "Tests\Tests.csproj", "{36E61CDD-8606-4C7A-9002-A897857E0E07}"
EndProject
Global
	GlobalSection(SolutionConfigurationPlatforms) = preSolution
		Debug|Any CPU = Debug|Any CPU
		Release|Any CPU = Release|Any CPU
	EndGlobalSection
	GlobalSection(ProjectConfigurationPlatforms) = postSolution
		{08D922D4-4847-4E46-A199-E73144EE724D}.Debug|Any CPU.ActiveCfg = Debug|Any CPU
		{08D922D4-4847-4E46-A199-E73144EE724D}.Debug|Any CPU.Build.0 = Debug|Any CPU
		{08D922D4-4847-4E46-A199-E73144EE724D}.Release|Any CPU.ActiveCfg = Release|Any CPU
		{08D922D4-4847-4E46-A199-E73144EE724D}.Release|Any CPU.Build.0 = Release|Any CPU
		{36E61CDD-8606-4C7A-9002-A897857E0E07}.Debug|Any CPU.ActiveCfg = Debug|Any CPU
		{36E61CDD-8606-4C7A-9002-A897857E0E07}.Debug|Any CPU.Build.0 = Debug|Any CPU
		{36E61CDD-8606-4C7A-9002-A897857E0E07}.Release|Any CPU.ActiveCfg = Release|Any CPU
		{36E61CDD-8606-4C7A-9002-A897857E0E07}.Release|Any CPU.Build.0 = Release|Any CPU
	EndGlobalSection
	GlobalSection(SolutionProperties) = preSolution
		HideSolutionNode = FALSE
	EndGlobalSection
EndGlobal
